
Microsoft Visual Studio Solution File, Format Version 12.00
# Visual Studio 14
VisualStudioVersion = 14.0.23107.0
MinimumVisualStudioVersion = 10.0.40219.1
Project("{FAE04EC0-301F-11D3-BF4B-00C04F79EFBC}") = "EveScalper", "EveScalper\EveScalper.csproj", "{B0DA84AE-B5A6-4687-AD44-9526A45E94AD}"
EndProject
Project("{FAE04EC0-301F-11D3-BF4B-00C04F79EFBC}") = "EveScalperTests", "EveScalperTests\EveScalperTests.csproj", "{194D36E7-0FF5-492E-9198-2314CB8FA25E}"
EndProject
Global
	GlobalSection(SolutionConfigurationPlatforms) = preSolution
		Debug|Any CPU = Debug|Any CPU
		Release|Any CPU = Release|Any CPU
	EndGlobalSection
	GlobalSection(ProjectConfigurationPlatforms) = postSolution
		{B0DA84AE-B5A6-4687-AD44-9526A45E94AD}.Debug|Any CPU.ActiveCfg = Debug|Any CPU
		{B0DA84AE-B5A6-4687-AD44-9526A45E94AD}.Debug|Any CPU.Build.0 = Debug|Any CPU
		{B0DA84AE-B5A6-4687-AD44-9526A45E94AD}.Release|Any CPU.ActiveCfg = Release|Any CPU
		{B0DA84AE-B5A6-4687-AD44-9526A45E94AD}.Release|Any CPU.Build.0 = Release|Any CPU
		{194D36E7-0FF5-492E-9198-2314CB8FA25E}.Debug|Any CPU.ActiveCfg = Debug|Any CPU
		{194D36E7-0FF5-492E-9198-2314CB8FA25E}.Debug|Any CPU.Build.0 = Debug|Any CPU
		{194D36E7-0FF5-492E-9198-2314CB8FA25E}.Release|Any CPU.ActiveCfg = Release|Any CPU
		{194D36E7-0FF5-492E-9198-2314CB8FA25E}.Release|Any CPU.Build.0 = Release|Any CPU
	EndGlobalSection
	GlobalSection(SolutionProperties) = preSolution
		HideSolutionNode = FALSE
	EndGlobalSection
EndGlobal
